// !$*UTF8*$!
{
	archiveVersion = 1;
	classes = {
	};
	objectVersion = 50;
	objects = {

/* Begin PBXBuildFile section */
		9471664D2481C12800BDF281 /* AppDelegate.swift in Sources */ = {isa = PBXBuildFile; fileRef = 9471664C2481C12800BDF281 /* AppDelegate.swift */; };
		9471664F2481C12800BDF281 /* SceneDelegate.swift in Sources */ = {isa = PBXBuildFile; fileRef = 9471664E2481C12800BDF281 /* SceneDelegate.swift */; };
		947166512481C12800BDF281 /* GetStartedViewController.swift in Sources */ = {isa = PBXBuildFile; fileRef = 947166502481C12800BDF281 /* GetStartedViewController.swift */; };
		947166542481C12800BDF281 /* Main.storyboard in Resources */ = {isa = PBXBuildFile; fileRef = 947166522481C12800BDF281 /* Main.storyboard */; };
		947166562481C12A00BDF281 /* Assets.xcassets in Resources */ = {isa = PBXBuildFile; fileRef = 947166552481C12A00BDF281 /* Assets.xcassets */; };
		947166592481C12A00BDF281 /* LaunchScreen.storyboard in Resources */ = {isa = PBXBuildFile; fileRef = 947166572481C12A00BDF281 /* LaunchScreen.storyboard */; };
		947166622481C74800BDF281 /* BorderButton.swift in Sources */ = {isa = PBXBuildFile; fileRef = 947166612481C74800BDF281 /* BorderButton.swift */; };
		94D22DC72486AF4C004E671C /* LeagueVC.swift in Sources */ = {isa = PBXBuildFile; fileRef = 94D22DC62486AF4C004E671C /* LeagueVC.swift */; };
		94D22DC92486AF60004E671C /* SkillVC.swift in Sources */ = {isa = PBXBuildFile; fileRef = 94D22DC82486AF60004E671C /* SkillVC.swift */; };
/* End PBXBuildFile section */

/* Begin PBXFileReference section */
		947166492481C12800BDF281 /* swoosh.app */ = {isa = PBXFileReference; explicitFileType = wrapper.application; includeInIndex = 0; path = swoosh.app; sourceTree = BUILT_PRODUCTS_DIR; };
		9471664C2481C12800BDF281 /* AppDelegate.swift */ = {isa = PBXFileReference; lastKnownFileType = sourcecode.swift; path = AppDelegate.swift; sourceTree = "<group>"; };
		9471664E2481C12800BDF281 /* SceneDelegate.swift */ = {isa = PBXFileReference; lastKnownFileType = sourcecode.swift; path = SceneDelegate.swift; sourceTree = "<group>"; };
		947166502481C12800BDF281 /* GetStartedViewController.swift */ = {isa = PBXFileReference; lastKnownFileType = sourcecode.swift; path = GetStartedViewController.swift; sourceTree = "<group>"; };
		947166532481C12800BDF281 /* Base */ = {isa = PBXFileReference; lastKnownFileType = file.storyboard; name = Base; path = Base.lproj/Main.storyboard; sourceTree = "<group>"; };
		947166552481C12A00BDF281 /* Assets.xcassets */ = {isa = PBXFileReference; lastKnownFileType = folder.assetcatalog; path = Assets.xcassets; sourceTree = "<group>"; };
		947166582481C12A00BDF281 /* Base */ = {isa = PBXFileReference; lastKnownFileType = file.storyboard; name = Base; path = Base.lproj/LaunchScreen.storyboard; sourceTree = "<group>"; };
		9471665A2481C12A00BDF281 /* Info.plist */ = {isa = PBXFileReference; lastKnownFileType = text.plist.xml; path = Info.plist; sourceTree = "<group>"; };
		947166612481C74800BDF281 /* BorderButton.swift */ = {isa = PBXFileReference; lastKnownFileType = sourcecode.swift; path = BorderButton.swift; sourceTree = "<group>"; };
		94D22DC62486AF4C004E671C /* LeagueVC.swift */ = {isa = PBXFileReference; lastKnownFileType = sourcecode.swift; path = LeagueVC.swift; sourceTree = "<group>"; };
		94D22DC82486AF60004E671C /* SkillVC.swift */ = {isa = PBXFileReference; lastKnownFileType = sourcecode.swift; path = SkillVC.swift; sourceTree = "<group>"; };
/* End PBXFileReference section */

/* Begin PBXFrameworksBuildPhase section */
		947166462481C12800BDF281 /* Frameworks */ = {
			isa = PBXFrameworksBuildPhase;
			buildActionMask = 2147483647;
			files = (
			);
			runOnlyForDeploymentPostprocessing = 0;
		};
/* End PBXFrameworksBuildPhase section */

/* Begin PBXGroup section */
		947166402481C12800BDF281 = {
			isa = PBXGroup;
			children = (
				9471664B2481C12800BDF281 /* swoosh */,
				9471664A2481C12800BDF281 /* Products */,
			);
			sourceTree = "<group>";
		};
		9471664A2481C12800BDF281 /* Products */ = {
			isa = PBXGroup;
			children = (
				947166492481C12800BDF281 /* swoosh.app */,
			);
			name = Products;
			sourceTree = "<group>";
		};
		9471664B2481C12800BDF281 /* swoosh */ = {
			isa = PBXGroup;
			children = (
				947166632481CA9E00BDF281 /* Model */,
				947166602481C6DD00BDF281 /* Views */,
				947166642481CAAB00BDF281 /* Controller */,
				9471664C2481C12800BDF281 /* AppDelegate.swift */,
				9471664E2481C12800BDF281 /* SceneDelegate.swift */,
				947166552481C12A00BDF281 /* Assets.xcassets */,
				947166572481C12A00BDF281 /* LaunchScreen.storyboard */,
				9471665A2481C12A00BDF281 /* Info.plist */,
			);
			path = swoosh;
			sourceTree = "<group>";
		};
		947166602481C6DD00BDF281 /* Views */ = {
			isa = PBXGroup;
			children = (
				947166522481C12800BDF281 /* Main.storyboard */,
			);
			path = Views;
			sourceTree = "<group>";
		};
		947166632481CA9E00BDF281 /* Model */ = {
			isa = PBXGroup;
			children = (
				947166612481C74800BDF281 /* BorderButton.swift */,
			);
			path = Model;
			sourceTree = "<group>";
		};
		947166642481CAAB00BDF281 /* Controller */ = {
			isa = PBXGroup;
			children = (
				947166502481C12800BDF281 /* GetStartedViewController.swift */,
				94D22DC62486AF4C004E671C /* LeagueVC.swift */,
				94D22DC82486AF60004E671C /* SkillVC.swift */,
			);
			path = Controller;
			sourceTree = "<group>";
		};
/* End PBXGroup section */

/* Begin PBXNativeTarget section */
		947166482481C12800BDF281 /* swoosh */ = {
			isa = PBXNativeTarget;
			buildConfigurationList = 9471665D2481C12A00BDF281 /* Build configuration list for PBXNativeTarget "swoosh" */;
			buildPhases = (
				947166452481C12800BDF281 /* Sources */,
				947166462481C12800BDF281 /* Frameworks */,
				947166472481C12800BDF281 /* Resources */,
			);
			buildRules = (
			);
			dependencies = (
			);
			name = swoosh;
			productName = swoosh;
			productReference = 947166492481C12800BDF281 /* swoosh.app */;
			productType = "com.apple.product-type.application";
		};
/* End PBXNativeTarget section */

/* Begin PBXProject section */
		947166412481C12800BDF281 /* Project object */ = {
			isa = PBXProject;
			attributes = {
				LastSwiftUpdateCheck = 1150;
				LastUpgradeCheck = 1150;
				ORGANIZATIONNAME = "William Scott";
				TargetAttributes = {
					947166482481C12800BDF281 = {
						CreatedOnToolsVersion = 11.5;
					};
				};
			};
			buildConfigurationList = 947166442481C12800BDF281 /* Build configuration list for PBXProject "swoosh" */;
			compatibilityVersion = "Xcode 9.3";
			developmentRegion = en;
			hasScannedForEncodings = 0;
			knownRegions = (
				en,
				Base,
			);
			mainGroup = 947166402481C12800BDF281;
			productRefGroup = 9471664A2481C12800BDF281 /* Products */;
			projectDirPath = "";
			projectRoot = "";
			targets = (
				947166482481C12800BDF281 /* swoosh */,
			);
		};
/* End PBXProject section */

/* Begin PBXResourcesBuildPhase section */
		947166472481C12800BDF281 /* Resources */ = {
			isa = PBXResourcesBuildPhase;
			buildActionMask = 2147483647;
			files = (
				947166592481C12A00BDF281 /* LaunchScreen.storyboard in Resources */,
				947166562481C12A00BDF281 /* Assets.xcassets in Resources */,
				947166542481C12800BDF281 /* Main.storyboard in Resources */,
			);
			runOnlyForDeploymentPostprocessing = 0;
		};
/* End PBXResourcesBuildPhase section */

/* Begin PBXSourcesBuildPhase section */
		947166452481C12800BDF281 /* Sources */ = {
			isa = PBXSourcesBuildPhase;
			buildActionMask = 2147483647;
			files = (
				94D22DC72486AF4C004E671C /* LeagueVC.swift in Sources */,
				947166512481C12800BDF281 /* GetStartedViewController.swift in Sources */,
				9471664D2481C12800BDF281 /* AppDelegate.swift in Sources */,
				9471664F2481C12800BDF281 /* SceneDelegate.swift in Sources */,
				94D22DC92486AF60004E671C /* SkillVC.swift in Sources */,
				947166622481C74800BDF281 /* BorderButton.swift in Sources */,
			);
			runOnlyForDeploymentPostprocessing = 0;
		};
/* End PBXSourcesBuildPhase section */

/* Begin PBXVariantGroup section */
		947166522481C12800BDF281 /* Main.storyboard */ = {
			isa = PBXVariantGroup;
			children = (
				947166532481C12800BDF281 /* Base */,
			);
			name = Main.storyboard;
			sourceTree = "<group>";
		};
		947166572481C12A00BDF281 /* LaunchScreen.storyboard */ = {
			isa = PBXVariantGroup;
			children = (
				947166582481C12A00BDF281 /* Base */,
			);
			name = LaunchScreen.storyboard;
			sourceTree = "<group>";
		};
/* End PBXVariantGroup section */

/* Begin XCBuildConfiguration section */
		9471665B2481C12A00BDF281 /* Debug */ = {
			isa = XCBuildConfiguration;
			buildSettings = {
				ALWAYS_SEARCH_USER_PATHS = NO;
				CLANG_ANALYZER_NONNULL = YES;
				CLANG_ANALYZER_NUMBER_OBJECT_CONVERSION = YES_AGGRESSIVE;
				CLANG_CXX_LANGUAGE_STANDARD = "gnu++14";
				CLANG_CXX_LIBRARY = "libc++";
				CLANG_ENABLE_MODULES = YES;
				CLANG_ENABLE_OBJC_ARC = YES;
				CLANG_ENABLE_OBJC_WEAK = YES;
				CLANG_WARN_BLOCK_CAPTURE_AUTORELEASING = YES;
				CLANG_WARN_BOOL_CONVERSION = YES;
				CLANG_WARN_COMMA = YES;
				CLANG_WARN_CONSTANT_CONVERSION = YES;
				CLANG_WARN_DEPRECATED_OBJC_IMPLEMENTATIONS = YES;
				CLANG_WARN_DIRECT_OBJC_ISA_USAGE = YES_ERROR;
				CLANG_WARN_DOCUMENTATION_COMMENTS = YES;
				CLANG_WARN_EMPTY_BODY = YES;
				CLANG_WARN_ENUM_CONVERSION = YES;
				CLANG_WARN_INFINITE_RECURSION = YES;
				CLANG_WARN_INT_CONVERSION = YES;
				CLANG_WARN_NON_LITERAL_NULL_CONVERSION = YES;
				CLANG_WARN_OBJC_IMPLICIT_RETAIN_SELF = YES;
				CLANG_WARN_OBJC_LITERAL_CONVERSION = YES;
				CLANG_WARN_OBJC_ROOT_CLASS = YES_ERROR;
				CLANG_WARN_RANGE_LOOP_ANALYSIS = YES;
				CLANG_WARN_STRICT_PROTOTYPES = YES;
				CLANG_WARN_SUSPICIOUS_MOVE = YES;
				CLANG_WARN_UNGUARDED_AVAILABILITY = YES_AGGRESSIVE;
				CLANG_WARN_UNREACHABLE_CODE = YES;
				CLANG_WARN__DUPLICATE_METHOD_MATCH = YES;
				COPY_PHASE_STRIP = NO;
				DEBUG_INFORMATION_FORMAT = dwarf;
				ENABLE_STRICT_OBJC_MSGSEND = YES;
				ENABLE_TESTABILITY = YES;
				GCC_C_LANGUAGE_STANDARD = gnu11;
				GCC_DYNAMIC_NO_PIC = NO;
				GCC_NO_COMMON_BLOCKS = YES;
				GCC_OPTIMIZATION_LEVEL = 0;
				GCC_PREPROCESSOR_DEFINITIONS = (
					"DEBUG=1",
					"$(inherited)",
				);
				GCC_WARN_64_TO_32_BIT_CONVERSION = YES;
				GCC_WARN_ABOUT_RETURN_TYPE = YES_ERROR;
				GCC_WARN_UNDECLARED_SELECTOR = YES;
				GCC_WARN_UNINITIALIZED_AUTOS = YES_AGGRESSIVE;
				GCC_WARN_UNUSED_FUNCTION = YES;
				GCC_WARN_UNUSED_VARIABLE = YES;
				IPHONEOS_DEPLOYMENT_TARGET = 13.5;
				MTL_ENABLE_DEBUG_INFO = INCLUDE_SOURCE;
				MTL_FAST_MATH = YES;
				ONLY_ACTIVE_ARCH = YES;
				SDKROOT = iphoneos;
				SWIFT_ACTIVE_COMPILATION_CONDITIONS = DEBUG;
				SWIFT_OPTIMIZATION_LEVEL = "-Onone";
			};
			name = Debug;
		};
		9471665C2481C12A00BDF281 /* Release */ = {
			isa = XCBuildConfiguration;
			buildSettings = {
				ALWAYS_SEARCH_USER_PATHS = NO;
				CLANG_ANALYZER_NONNULL = YES;
				CLANG_ANALYZER_NUMBER_OBJECT_CONVERSION = YES_AGGRESSIVE;
				CLANG_CXX_LANGUAGE_STANDARD = "gnu++14";
				CLANG_CXX_LIBRARY = "libc++";
				CLANG_ENABLE_MODULES = YES;
				CLANG_ENABLE_OBJC_ARC = YES;
				CLANG_ENABLE_OBJC_WEAK = YES;
				CLANG_WARN_BLOCK_CAPTURE_AUTORELEASING = YES;
				CLANG_WARN_BOOL_CONVERSION = YES;
				CLANG_WARN_COMMA = YES;
				CLANG_WARN_CONSTANT_CONVERSION = YES;
				CLANG_WARN_DEPRECATED_OBJC_IMPLEMENTATIONS = YES;
				CLANG_WARN_DIRECT_OBJC_ISA_USAGE = YES_ERROR;
				CLANG_WARN_DOCUMENTATION_COMMENTS = YES;
				CLANG_WARN_EMPTY_BODY = YES;
				CLANG_WARN_ENUM_CONVERSION = YES;
				CLANG_WARN_INFINITE_RECURSION = YES;
				CLANG_WARN_INT_CONVERSION = YES;
				CLANG_WARN_NON_LITERAL_NULL_CONVERSION = YES;
				CLANG_WARN_OBJC_IMPLICIT_RETAIN_SELF = YES;
				CLANG_WARN_OBJC_LITERAL_CONVERSION = YES;
				CLANG_WARN_OBJC_ROOT_CLASS = YES_ERROR;
				CLANG_WARN_RANGE_LOOP_ANALYSIS = YES;
				CLANG_WARN_STRICT_PROTOTYPES = YES;
				CLANG_WARN_SUSPICIOUS_MOVE = YES;
				CLANG_WARN_UNGUARDED_AVAILABILITY = YES_AGGRESSIVE;
				CLANG_WARN_UNREACHABLE_CODE = YES;
				CLANG_WARN__DUPLICATE_METHOD_MATCH = YES;
				COPY_PHASE_STRIP = NO;
				DEBUG_INFORMATION_FORMAT = "dwarf-with-dsym";
				ENABLE_NS_ASSERTIONS = NO;
				ENABLE_STRICT_OBJC_MSGSEND = YES;
				GCC_C_LANGUAGE_STANDARD = gnu11;
				GCC_NO_COMMON_BLOCKS = YES;
				GCC_WARN_64_TO_32_BIT_CONVERSION = YES;
				GCC_WARN_ABOUT_RETURN_TYPE = YES_ERROR;
				GCC_WARN_UNDECLARED_SELECTOR = YES;
				GCC_WARN_UNINITIALIZED_AUTOS = YES_AGGRESSIVE;
				GCC_WARN_UNUSED_FUNCTION = YES;
				GCC_WARN_UNUSED_VARIABLE = YES;
				IPHONEOS_DEPLOYMENT_TARGET = 13.5;
				MTL_ENABLE_DEBUG_INFO = NO;
				MTL_FAST_MATH = YES;
				SDKROOT = iphoneos;
				SWIFT_COMPILATION_MODE = wholemodule;
				SWIFT_OPTIMIZATION_LEVEL = "-O";
				VALIDATE_PRODUCT = YES;
			};
			name = Release;
		};
		9471665E2481C12A00BDF281 /* Debug */ = {
			isa = XCBuildConfiguration;
			buildSettings = {
				ASSETCATALOG_COMPILER_APPICON_NAME = AppIcon;
				CODE_SIGN_STYLE = Automatic;
				DEVELOPMENT_TEAM = 78977XTL46;
				INFOPLIST_FILE = swoosh/Info.plist;
				LD_RUNPATH_SEARCH_PATHS = (
					"$(inherited)",
					"@executable_path/Frameworks",
				);
				PRODUCT_BUNDLE_IDENTIFIER = com.williamRyanScott.swoosh;
				PRODUCT_NAME = "$(TARGET_NAME)";
				SWIFT_VERSION = 5.0;
				TARGETED_DEVICE_FAMILY = "1,2";
			};
			name = Debug;
		};
		9471665F2481C12A00BDF281 /* Release */ = {
			isa = XCBuildConfiguration;
			buildSettings = {
				ASSETCATALOG_COMPILER_APPICON_NAME = AppIcon;
				CODE_SIGN_STYLE = Automatic;
				DEVELOPMENT_TEAM = 78977XTL46;
				INFOPLIST_FILE = swoosh/Info.plist;
				LD_RUNPATH_SEARCH_PATHS = (
					"$(inherited)",
					"@executable_path/Frameworks",
				);
				PRODUCT_BUNDLE_IDENTIFIER = com.williamRyanScott.swoosh;
				PRODUCT_NAME = "$(TARGET_NAME)";
				SWIFT_VERSION = 5.0;
				TARGETED_DEVICE_FAMILY = "1,2";
			};
			name = Release;
		};
/* End XCBuildConfiguration section */

/* Begin XCConfigurationList section */
		947166442481C12800BDF281 /* Build configuration list for PBXProject "swoosh" */ = {
			isa = XCConfigurationList;
			buildConfigurations = (
				9471665B2481C12A00BDF281 /* Debug */,
				9471665C2481C12A00BDF281 /* Release */,
			);
			defaultConfigurationIsVisible = 0;
			defaultConfigurationName = Release;
		};
		9471665D2481C12A00BDF281 /* Build configuration list for PBXNativeTarget "swoosh" */ = {
			isa = XCConfigurationList;
			buildConfigurations = (
				9471665E2481C12A00BDF281 /* Debug */,
				9471665F2481C12A00BDF281 /* Release */,
			);
			defaultConfigurationIsVisible = 0;
			defaultConfigurationName = Release;
		};
/* End XCConfigurationList section */
	};
	rootObject = 947166412481C12800BDF281 /* Project object */;
}
